
Microsoft Visual Studio Solution File, Format Version 12.00
# Visual Studio Version 17
VisualStudioVersion = 17.9.34622.214
MinimumVisualStudioVersion = 10.0.40219.1
Project("{9A19103F-16F7-4668-BE54-9A1E7A4F7556}") = "Data", "Data\Data.csproj", "{E8CDEDD4-1303-4FFA-8706-E1CDEB2B0D46}"
EndProject
Project("{9A19103F-16F7-4668-BE54-9A1E7A4F7556}") = "Logic", "Logic\Logic.csproj", "{FFC9AC92-EA34-4FCA-B600-890F26907E98}"
EndProject
Project("{9A19103F-16F7-4668-BE54-9A1E7A4F7556}") = "LogicTest", "LogicTest\LogicTest.csproj", "{54D78924-E4FF-48F6-9686-9FB42E3B9FD4}"
EndProject
Project("{9A19103F-16F7-4668-BE54-9A1E7A4F7556}") = "DataTest", "DataTest\DataTest.csproj", "{8EE0CDBF-4021-409A-8289-5959CFE166BF}"
EndProject
Project("{2150E333-8FDC-42A3-9474-1A3956D46DE8}") = "Presentation", "Presentation", "{378FF4F7-6BD4-41DF-87A2-B3CD36B7991E}"
EndProject
Project("{9A19103F-16F7-4668-BE54-9A1E7A4F7556}") = "Model", "Model\Model.csproj", "{3769326F-E644-44B9-AEE6-51D24B7A12D9}"
EndProject
Project("{9A19103F-16F7-4668-BE54-9A1E7A4F7556}") = "ViewModel", "ViewModel\ViewModel.csproj", "{4446A919-688B-4D5A-9AA8-DCAC05A367AE}"
EndProject
Project("{FAE04EC0-301F-11D3-BF4B-00C04F79EFBC}") = "View", "View\View.csproj", "{3ACB3DB5-58C9-4CEA-B6EF-5706901A7258}"
EndProject
Global
	GlobalSection(SolutionConfigurationPlatforms) = preSolution
		Debug|Any CPU = Debug|Any CPU
		Release|Any CPU = Release|Any CPU
	EndGlobalSection
	GlobalSection(ProjectConfigurationPlatforms) = postSolution
		{E8CDEDD4-1303-4FFA-8706-E1CDEB2B0D46}.Debug|Any CPU.ActiveCfg = Debug|Any CPU
		{E8CDEDD4-1303-4FFA-8706-E1CDEB2B0D46}.Debug|Any CPU.Build.0 = Debug|Any CPU
		{E8CDEDD4-1303-4FFA-8706-E1CDEB2B0D46}.Release|Any CPU.ActiveCfg = Release|Any CPU
		{E8CDEDD4-1303-4FFA-8706-E1CDEB2B0D46}.Release|Any CPU.Build.0 = Release|Any CPU
		{FFC9AC92-EA34-4FCA-B600-890F26907E98}.Debug|Any CPU.ActiveCfg = Debug|Any CPU
		{FFC9AC92-EA34-4FCA-B600-890F26907E98}.Debug|Any CPU.Build.0 = Debug|Any CPU
		{FFC9AC92-EA34-4FCA-B600-890F26907E98}.Release|Any CPU.ActiveCfg = Release|Any CPU
		{FFC9AC92-EA34-4FCA-B600-890F26907E98}.Release|Any CPU.Build.0 = Release|Any CPU
		{54D78924-E4FF-48F6-9686-9FB42E3B9FD4}.Debug|Any CPU.ActiveCfg = Debug|Any CPU
		{54D78924-E4FF-48F6-9686-9FB42E3B9FD4}.Debug|Any CPU.Build.0 = Debug|Any CPU
		{54D78924-E4FF-48F6-9686-9FB42E3B9FD4}.Release|Any CPU.ActiveCfg = Release|Any CPU
		{54D78924-E4FF-48F6-9686-9FB42E3B9FD4}.Release|Any CPU.Build.0 = Release|Any CPU
		{8EE0CDBF-4021-409A-8289-5959CFE166BF}.Debug|Any CPU.ActiveCfg = Debug|Any CPU
		{8EE0CDBF-4021-409A-8289-5959CFE166BF}.Debug|Any CPU.Build.0 = Debug|Any CPU
		{8EE0CDBF-4021-409A-8289-5959CFE166BF}.Release|Any CPU.ActiveCfg = Release|Any CPU
		{8EE0CDBF-4021-409A-8289-5959CFE166BF}.Release|Any CPU.Build.0 = Release|Any CPU
		{3769326F-E644-44B9-AEE6-51D24B7A12D9}.Debug|Any CPU.ActiveCfg = Debug|Any CPU
		{3769326F-E644-44B9-AEE6-51D24B7A12D9}.Debug|Any CPU.Build.0 = Debug|Any CPU
		{3769326F-E644-44B9-AEE6-51D24B7A12D9}.Release|Any CPU.ActiveCfg = Release|Any CPU
		{3769326F-E644-44B9-AEE6-51D24B7A12D9}.Release|Any CPU.Build.0 = Release|Any CPU
		{4446A919-688B-4D5A-9AA8-DCAC05A367AE}.Debug|Any CPU.ActiveCfg = Debug|Any CPU
		{4446A919-688B-4D5A-9AA8-DCAC05A367AE}.Debug|Any CPU.Build.0 = Debug|Any CPU
		{4446A919-688B-4D5A-9AA8-DCAC05A367AE}.Release|Any CPU.ActiveCfg = Release|Any CPU
		{4446A919-688B-4D5A-9AA8-DCAC05A367AE}.Release|Any CPU.Build.0 = Release|Any CPU
		{3ACB3DB5-58C9-4CEA-B6EF-5706901A7258}.Debug|Any CPU.ActiveCfg = Debug|Any CPU
		{3ACB3DB5-58C9-4CEA-B6EF-5706901A7258}.Debug|Any CPU.Build.0 = Debug|Any CPU
		{3ACB3DB5-58C9-4CEA-B6EF-5706901A7258}.Release|Any CPU.ActiveCfg = Release|Any CPU
		{3ACB3DB5-58C9-4CEA-B6EF-5706901A7258}.Release|Any CPU.Build.0 = Release|Any CPU
	EndGlobalSection
	GlobalSection(SolutionProperties) = preSolution
		HideSolutionNode = FALSE
	EndGlobalSection
	GlobalSection(NestedProjects) = preSolution
		{3769326F-E644-44B9-AEE6-51D24B7A12D9} = {378FF4F7-6BD4-41DF-87A2-B3CD36B7991E}
		{4446A919-688B-4D5A-9AA8-DCAC05A367AE} = {378FF4F7-6BD4-41DF-87A2-B3CD36B7991E}
		{3ACB3DB5-58C9-4CEA-B6EF-5706901A7258} = {378FF4F7-6BD4-41DF-87A2-B3CD36B7991E}
	EndGlobalSection
	GlobalSection(ExtensibilityGlobals) = postSolution
		SolutionGuid = {C09852B5-6097-4081-9467-7BE9DFEFD707}
	EndGlobalSection
EndGlobal
